// !$*UTF8*$!
{
	archiveVersion = 1;
	classes = {
	};
	objectVersion = 77;
	objects = {

/* Begin PBXBuildFile section */
		A1D8B0F12E8B000100F0A36E /* NetCarbTrendManagerTests.swift in Sources */ = {isa = PBXBuildFile; fileRef = A1D8B0F02E8B000100F0A36E /* NetCarbTrendManagerTests.swift */; };
/* End PBXBuildFile section */

/* Begin PBXContainerItemProxy section */
		A1D892872E88B96300F0A36E /* PBXContainerItemProxy */ = {
			isa = PBXContainerItemProxy;
			containerPortal = A1D8926C2E88B96200F0A36E /* Project object */;
			proxyType = 1;
			remoteGlobalIDString = A1D892732E88B96200F0A36E;
			remoteInfo = KetoMacroTracker;
		};
		A1D892912E88B96300F0A36E /* PBXContainerItemProxy */ = {
			isa = PBXContainerItemProxy;
			containerPortal = A1D8926C2E88B96200F0A36E /* Project object */;
			proxyType = 1;
			remoteGlobalIDString = A1D892732E88B96200F0A36E;
			remoteInfo = KetoMacroTracker;
		};
/* End PBXContainerItemProxy section */

/* Begin PBXFileReference section */
		A1D892742E88B96200F0A36E /* KetoMacroTracker.app */ = {isa = PBXFileReference; explicitFileType = wrapper.application; includeInIndex = 0; path = KetoMacroTracker.app; sourceTree = BUILT_PRODUCTS_DIR; };
		A1D892862E88B96300F0A36E /* KetoMacroTrackerTests.xctest */ = {isa = PBXFileReference; explicitFileType = wrapper.cfbundle; includeInIndex = 0; path = KetoMacroTrackerTests.xctest; sourceTree = BUILT_PRODUCTS_DIR; };
		A1D892902E88B96300F0A36E /* KetoMacroTrackerUITests.xctest */ = {isa = PBXFileReference; explicitFileType = wrapper.cfbundle; includeInIndex = 0; path = KetoMacroTrackerUITests.xctest; sourceTree = BUILT_PRODUCTS_DIR; };
		A1D8B0F02E8B000100F0A36E /* NetCarbTrendManagerTests.swift */ = {isa = PBXFileReference; lastKnownFileType = sourcecode.swift; path = NetCarbTrendManagerTests.swift; sourceTree = "<group>"; };
/* End PBXFileReference section */

/* Begin PBXFileSystemSynchronizedRootGroup section */
		A1D892762E88B96200F0A36E /* KetoMacroTracker */ = {
			isa = PBXFileSystemSynchronizedRootGroup;
			path = KetoMacroTracker;
			sourceTree = "<group>";
		};
/* End PBXFileSystemSynchronizedRootGroup section */

/* Begin PBXFrameworksBuildPhase section */
		A1D892712E88B96200F0A36E /* Frameworks */ = {
			isa = PBXFrameworksBuildPhase;
			buildActionMask = 2147483647;
			files = (
			);
			runOnlyForDeploymentPostprocessing = 0;
		};
		A1D892832E88B96300F0A36E /* Frameworks */ = {
			isa = PBXFrameworksBuildPhase;
			buildActionMask = 2147483647;
			files = (
			);
			runOnlyForDeploymentPostprocessing = 0;
		};
		A1D8928D2E88B96300F0A36E /* Frameworks */ = {
			isa = PBXFrameworksBuildPhase;
			buildActionMask = 2147483647;
			files = (
			);
			runOnlyForDeploymentPostprocessing = 0;
		};
/* End PBXFrameworksBuildPhase section */

/* Begin PBXGroup section */
		A1D8926B2E88B96200F0A36E = {
			isa = PBXGroup;
			children = (
				A1D892762E88B96200F0A36E /* KetoMacroTracker */,
				A1D8B0EF2E8B000100F0A36E /* KetoMacroTrackerTests */,
				A1D892752E88B96200F0A36E /* Products */,
			);
			sourceTree = "<group>";
		};
		A1D892752E88B96200F0A36E /* Products */ = {
			isa = PBXGroup;
			children = (
				A1D892742E88B96200F0A36E /* KetoMacroTracker.app */,
				A1D892862E88B96300F0A36E /* KetoMacroTrackerTests.xctest */,
				A1D892902E88B96300F0A36E /* KetoMacroTrackerUITests.xctest */,
			);
			name = Products;
			sourceTree = "<group>";
		};
		A1D8B0EF2E8B000100F0A36E /* KetoMacroTrackerTests */ = {
			isa = PBXGroup;
			children = (
				A1D8B0F02E8B000100F0A36E /* NetCarbTrendManagerTests.swift */,
			);
			path = KetoMacroTrackerTests;
			sourceTree = "<group>";
		};
/* End PBXGroup section */

/* Begin PBXNativeTarget section */
		A1D892732E88B96200F0A36E /* KetoMacroTracker */ = {
			isa = PBXNativeTarget;
			buildConfigurationList = A1D8929A2E88B96300F0A36E /* Build configuration list for PBXNativeTarget "KetoMacroTracker" */;
			buildPhases = (
				A1D892702E88B96200F0A36E /* Sources */,
				A1D892712E88B96200F0A36E /* Frameworks */,
				A1D892722E88B96200F0A36E /* Resources */,
			);
			buildRules = (
			);
			dependencies = (
			);
			fileSystemSynchronizedGroups = (
				A1D892762E88B96200F0A36E /* KetoMacroTracker */,
			);
			name = KetoMacroTracker;
			packageProductDependencies = (
			);
			productName = KetoMacroTracker;
			productReference = A1D892742E88B96200F0A36E /* KetoMacroTracker.app */;
			productType = "com.apple.product-type.application";
		};
		A1D892852E88B96300F0A36E /* KetoMacroTrackerTests */ = {
			isa = PBXNativeTarget;
			buildConfigurationList = A1D8929D2E88B96300F0A36E /* Build configuration list for PBXNativeTarget "KetoMacroTrackerTests" */;
			buildPhases = (
				A1D892822E88B96300F0A36E /* Sources */,
				A1D892832E88B96300F0A36E /* Frameworks */,
				A1D892842E88B96300F0A36E /* Resources */,
			);
			buildRules = (
			);
			dependencies = (
				A1D892882E88B96300F0A36E /* PBXTargetDependency */,
			);
			name = KetoMacroTrackerTests;
			packageProductDependencies = (
			);
			productName = KetoMacroTrackerTests;
			productReference = A1D892862E88B96300F0A36E /* KetoMacroTrackerTests.xctest */;
			productType = "com.apple.product-type.bundle.unit-test";
		};
		A1D8928F2E88B96300F0A36E /* KetoMacroTrackerUITests */ = {
			isa = PBXNativeTarget;
			buildConfigurationList = A1D892A02E88B96300F0A36E /* Build configuration list for PBXNativeTarget "KetoMacroTrackerUITests" */;
			buildPhases = (
				A1D8928C2E88B96300F0A36E /* Sources */,
				A1D8928D2E88B96300F0A36E /* Frameworks */,
				A1D8928E2E88B96300F0A36E /* Resources */,
			);
			buildRules = (
			);
			dependencies = (
				A1D892922E88B96300F0A36E /* PBXTargetDependency */,
			);
			name = KetoMacroTrackerUITests;
			packageProductDependencies = (
			);
			productName = KetoMacroTrackerUITests;
			productReference = A1D892902E88B96300F0A36E /* KetoMacroTrackerUITests.xctest */;
			productType = "com.apple.product-type.bundle.ui-testing";
		};
/* End PBXNativeTarget section */

/* Begin PBXProject section */
		A1D8926C2E88B96200F0A36E /* Project object */ = {
			isa = PBXProject;
			attributes = {
				BuildIndependentTargetsInParallel = 1;
				LastSwiftUpdateCheck = 1640;
				LastUpgradeCheck = 1640;
				TargetAttributes = {
					A1D892732E88B96200F0A36E = {
						CreatedOnToolsVersion = 16.4;
					};
					A1D892852E88B96300F0A36E = {
						CreatedOnToolsVersion = 16.4;
						TestTargetID = A1D892732E88B96200F0A36E;
					};
					A1D8928F2E88B96300F0A36E = {
						CreatedOnToolsVersion = 16.4;
						TestTargetID = A1D892732E88B96200F0A36E;
					};
				};
			};
			buildConfigurationList = A1D8926F2E88B96200F0A36E /* Build configuration list for PBXProject "KetoMacroTracker" */;
			developmentRegion = en;
			hasScannedForEncodings = 0;
			knownRegions = (
				en,
				Base,
			);
			mainGroup = A1D8926B2E88B96200F0A36E;
			minimizedProjectReferenceProxies = 1;
			preferredProjectObjectVersion = 77;
			productRefGroup = A1D892752E88B96200F0A36E /* Products */;
			projectDirPath = "";
			projectRoot = "";
			targets = (
				A1D892732E88B96200F0A36E /* KetoMacroTracker */,
				A1D892852E88B96300F0A36E /* KetoMacroTrackerTests */,
				A1D8928F2E88B96300F0A36E /* KetoMacroTrackerUITests */,
			);
		};
/* End PBXProject section */

/* Begin PBXResourcesBuildPhase section */
		A1D892722E88B96200F0A36E /* Resources */ = {
			isa = PBXResourcesBuildPhase;
			buildActionMask = 2147483647;
			files = (
			);
			runOnlyForDeploymentPostprocessing = 0;
		};
		A1D892842E88B96300F0A36E /* Resources */ = {
			isa = PBXResourcesBuildPhase;
			buildActionMask = 2147483647;
			files = (
			);
			runOnlyForDeploymentPostprocessing = 0;
		};
		A1D8928E2E88B96300F0A36E /* Resources */ = {
			isa = PBXResourcesBuildPhase;
			buildActionMask = 2147483647;
			files = (
			);
			runOnlyForDeploymentPostprocessing = 0;
		};
/* End PBXResourcesBuildPhase section */

/* Begin PBXSourcesBuildPhase section */
		A1D892702E88B96200F0A36E /* Sources */ = {
			isa = PBXSourcesBuildPhase;
			buildActionMask = 2147483647;
			files = (
			);
			runOnlyForDeploymentPostprocessing = 0;
		};
		A1D892822E88B96300F0A36E /* Sources */ = {
			isa = PBXSourcesBuildPhase;
			buildActionMask = 2147483647;
			files = (
				A1D8B0F12E8B000100F0A36E /* NetCarbTrendManagerTests.swift in Sources */,
			);
			runOnlyForDeploymentPostprocessing = 0;
		};
		A1D8928C2E88B96300F0A36E /* Sources */ = {
			isa = PBXSourcesBuildPhase;
			buildActionMask = 2147483647;
			files = (
			);
			runOnlyForDeploymentPostprocessing = 0;
		};
/* End PBXSourcesBuildPhase section */

/* Begin PBXTargetDependency section */
		A1D892882E88B96300F0A36E /* PBXTargetDependency */ = {
			isa = PBXTargetDependency;
			target = A1D892732E88B96200F0A36E /* KetoMacroTracker */;
			targetProxy = A1D892872E88B96300F0A36E /* PBXContainerItemProxy */;
		};
		A1D892922E88B96300F0A36E /* PBXTargetDependency */ = {
			isa = PBXTargetDependency;
			target = A1D892732E88B96200F0A36E /* KetoMacroTracker */;
			targetProxy = A1D892912E88B96300F0A36E /* PBXContainerItemProxy */;
		};
/* End PBXTargetDependency section */

/* Begin XCBuildConfiguration section */
		A1D892982E88B96300F0A36E /* Debug */ = {
			isa = XCBuildConfiguration;
			buildSettings = {
				ALWAYS_SEARCH_USER_PATHS = NO;
				ASSETCATALOG_COMPILER_GENERATE_SWIFT_ASSET_SYMBOL_EXTENSIONS = YES;
				CLANG_ANALYZER_NONNULL = YES;
				CLANG_ANALYZER_NUMBER_OBJECT_CONVERSION = YES_AGGRESSIVE;
				CLANG_CXX_LANGUAGE_STANDARD = "gnu++20";
				CLANG_ENABLE_MODULES = YES;
				CLANG_ENABLE_OBJC_ARC = YES;
				CLANG_ENABLE_OBJC_WEAK = YES;
				CLANG_WARN_BLOCK_CAPTURE_AUTORELEASING = YES;
				CLANG_WARN_BOOL_CONVERSION = YES;
				CLANG_WARN_COMMA = YES;
				CLANG_WARN_CONSTANT_CONVERSION = YES;
				CLANG_WARN_DEPRECATED_OBJC_IMPLEMENTATIONS = YES;
				CLANG_WARN_DIRECT_OBJC_ISA_USAGE = YES_ERROR;
				CLANG_WARN_DOCUMENTATION_COMMENTS = YES;
				CLANG_WARN_EMPTY_BODY = YES;
				CLANG_WARN_ENUM_CONVERSION = YES;
				CLANG_WARN_INFINITE_RECURSION = YES;
				CLANG_WARN_INT_CONVERSION = YES;
				CLANG_WARN_NON_LITERAL_NULL_CONVERSION = YES;
				CLANG_WARN_OBJC_IMPLICIT_RETAIN_SELF = YES;
				CLANG_WARN_OBJC_LITERAL_CONVERSION = YES;
				CLANG_WARN_OBJC_ROOT_CLASS = YES_ERROR;
				CLANG_WARN_QUOTED_INCLUDE_IN_FRAMEWORK_HEADER = YES;
				CLANG_WARN_RANGE_LOOP_ANALYSIS = YES;
				CLANG_WARN_STRICT_PROTOTYPES = YES;
				CLANG_WARN_SUSPICIOUS_MOVE = YES;
				CLANG_WARN_UNGUARDED_AVAILABILITY = YES_AGGRESSIVE;
				CLANG_WARN_UNREACHABLE_CODE = YES;
				CLANG_WARN__DUPLICATE_METHOD_MATCH = YES;
				COPY_PHASE_STRIP = NO;
				DEBUG_INFORMATION_FORMAT = dwarf;
				DEVELOPMENT_TEAM = X3BKBK8VYL;
				ENABLE_STRICT_OBJC_MSGSEND = YES;
				ENABLE_TESTABILITY = YES;
				ENABLE_USER_SCRIPT_SANDBOXING = YES;
				GCC_C_LANGUAGE_STANDARD = gnu17;
				GCC_DYNAMIC_NO_PIC = NO;
				GCC_NO_COMMON_BLOCKS = YES;
				GCC_OPTIMIZATION_LEVEL = 0;
				GCC_PREPROCESSOR_DEFINITIONS = (
					"DEBUG=1",
					"$(inherited)",
				);
				GCC_WARN_64_TO_32_BIT_CONVERSION = YES;
				GCC_WARN_ABOUT_RETURN_TYPE = YES_ERROR;
				GCC_WARN_UNDECLARED_SELECTOR = YES;
				GCC_WARN_UNINITIALIZED_AUTOS = YES_AGGRESSIVE;
				GCC_WARN_UNUSED_FUNCTION = YES;
				GCC_WARN_UNUSED_VARIABLE = YES;
				IPHONEOS_DEPLOYMENT_TARGET = 18.5;
				LOCALIZATION_PREFERS_STRING_CATALOGS = YES;
				MTL_ENABLE_DEBUG_INFO = INCLUDE_SOURCE;
				MTL_FAST_MATH = YES;
				ONLY_ACTIVE_ARCH = YES;
				SDKROOT = iphoneos;
				SWIFT_ACTIVE_COMPILATION_CONDITIONS = "DEBUG $(inherited)";
				SWIFT_OPTIMIZATION_LEVEL = "-Onone";
			};
			name = Debug;
		};
		A1D892992E88B96300F0A36E /* Release */ = {
			isa = XCBuildConfiguration;
			buildSettings = {
				ALWAYS_SEARCH_USER_PATHS = NO;
				ASSETCATALOG_COMPILER_GENERATE_SWIFT_ASSET_SYMBOL_EXTENSIONS = YES;
				CLANG_ANALYZER_NONNULL = YES;
				CLANG_ANALYZER_NUMBER_OBJECT_CONVERSION = YES_AGGRESSIVE;
				CLANG_CXX_LANGUAGE_STANDARD = "gnu++20";
				CLANG_ENABLE_MODULES = YES;
				CLANG_ENABLE_OBJC_ARC = YES;
				CLANG_ENABLE_OBJC_WEAK = YES;
				CLANG_WARN_BLOCK_CAPTURE_AUTORELEASING = YES;
				CLANG_WARN_BOOL_CONVERSION = YES;
				CLANG_WARN_COMMA = YES;
				CLANG_WARN_CONSTANT_CONVERSION = YES;
				CLANG_WARN_DEPRECATED_OBJC_IMPLEMENTATIONS = YES;
				CLANG_WARN_DIRECT_OBJC_ISA_USAGE = YES_ERROR;
				CLANG_WARN_DOCUMENTATION_COMMENTS = YES;
				CLANG_WARN_EMPTY_BODY = YES;
				CLANG_WARN_ENUM_CONVERSION = YES;
				CLANG_WARN_INFINITE_RECURSION = YES;
				CLANG_WARN_INT_CONVERSION = YES;
				CLANG_WARN_NON_LITERAL_NULL_CONVERSION = YES;
				CLANG_WARN_OBJC_IMPLICIT_RETAIN_SELF = YES;
				CLANG_WARN_OBJC_LITERAL_CONVERSION = YES;
				CLANG_WARN_OBJC_ROOT_CLASS = YES_ERROR;
				CLANG_WARN_QUOTED_INCLUDE_IN_FRAMEWORK_HEADER = YES;
				CLANG_WARN_RANGE_LOOP_ANALYSIS = YES;
				CLANG_WARN_STRICT_PROTOTYPES = YES;
				CLANG_WARN_SUSPICIOUS_MOVE = YES;
				CLANG_WARN_UNGUARDED_AVAILABILITY = YES_AGGRESSIVE;
				CLANG_WARN_UNREACHABLE_CODE = YES;
				CLANG_WARN__DUPLICATE_METHOD_MATCH = YES;
				COPY_PHASE_STRIP = NO;
				DEBUG_INFORMATION_FORMAT = "dwarf-with-dsym";
				DEVELOPMENT_TEAM = X3BKBK8VYL;
				ENABLE_NS_ASSERTIONS = NO;
				ENABLE_STRICT_OBJC_MSGSEND = YES;
				ENABLE_USER_SCRIPT_SANDBOXING = YES;
				GCC_C_LANGUAGE_STANDARD = gnu17;
				GCC_NO_COMMON_BLOCKS = YES;
				GCC_WARN_64_TO_32_BIT_CONVERSION = YES;
				GCC_WARN_ABOUT_RETURN_TYPE = YES_ERROR;
				GCC_WARN_UNDECLARED_SELECTOR = YES;
				GCC_WARN_UNINITIALIZED_AUTOS = YES_AGGRESSIVE;
				GCC_WARN_UNUSED_FUNCTION = YES;
				GCC_WARN_UNUSED_VARIABLE = YES;
				IPHONEOS_DEPLOYMENT_TARGET = 18.5;
				LOCALIZATION_PREFERS_STRING_CATALOGS = YES;
				MTL_ENABLE_DEBUG_INFO = NO;
				MTL_FAST_MATH = YES;
				SDKROOT = iphoneos;
				SWIFT_COMPILATION_MODE = wholemodule;
				VALIDATE_PRODUCT = YES;
			};
			name = Release;
		};
		A1D8929B2E88B96300F0A36E /* Debug */ = {
			isa = XCBuildConfiguration;
			buildSettings = {
				ASSETCATALOG_COMPILER_APPICON_NAME = AppIcon;
				ASSETCATALOG_COMPILER_GLOBAL_ACCENT_COLOR_NAME = AccentColor;
				CODE_SIGN_ENTITLEMENTS = KetoMacroTracker/KetoMacroTracker.entitlements;
				CODE_SIGN_STYLE = Automatic;
				CURRENT_PROJECT_VERSION = 1;
				DEVELOPMENT_TEAM = X3BKBK8VYL;
				ENABLE_PREVIEWS = YES;
				GENERATE_INFOPLIST_FILE = YES;
				INFOPLIST_KEY_NSCameraUsageDescription = "This app needs access to the camera to scan barcodes for food products.";
				INFOPLIST_KEY_NSHealthShareUsageDescription = "This app needs access to read your weight and body measurements from Apple Health.";
				INFOPLIST_KEY_NSHealthUpdateUsageDescription = "This app needs access to write your nutrition data (protein, carbs, fat, calories, water) to Apple Health.";
				INFOPLIST_KEY_UIApplicationSceneManifest_Generation = YES;
				INFOPLIST_KEY_UIApplicationSupportsIndirectInputEvents = YES;
				INFOPLIST_KEY_UILaunchScreen_Generation = YES;
				INFOPLIST_KEY_UISupportedInterfaceOrientations_iPad = "UIInterfaceOrientationPortrait UIInterfaceOrientationPortraitUpsideDown UIInterfaceOrientationLandscapeLeft UIInterfaceOrientationLandscapeRight";
				INFOPLIST_KEY_UISupportedInterfaceOrientations_iPhone = "UIInterfaceOrientationPortrait UIInterfaceOrientationLandscapeLeft UIInterfaceOrientationLandscapeRight";
				LD_RUNPATH_SEARCH_PATHS = (
					"$(inherited)",
					"@executable_path/Frameworks",
				);
				MARKETING_VERSION = 1.0;
				PRODUCT_BUNDLE_IDENTIFIER = com.whio.KetoMacroTracker;
				PRODUCT_NAME = "$(TARGET_NAME)";
				SWIFT_EMIT_LOC_STRINGS = YES;
				SWIFT_VERSION = 5.0;
				TARGETED_DEVICE_FAMILY = "1,2";
			};
			name = Debug;
		};
		A1D8929C2E88B96300F0A36E /* Release */ = {
			isa = XCBuildConfiguration;
			buildSettings = {
				ASSETCATALOG_COMPILER_APPICON_NAME = AppIcon;
				ASSETCATALOG_COMPILER_GLOBAL_ACCENT_COLOR_NAME = AccentColor;
				CODE_SIGN_ENTITLEMENTS = KetoMacroTracker/KetoMacroTracker.entitlements;
				CODE_SIGN_STYLE = Automatic;
				CURRENT_PROJECT_VERSION = 1;
				DEVELOPMENT_TEAM = X3BKBK8VYL;
				ENABLE_PREVIEWS = YES;
				GENERATE_INFOPLIST_FILE = YES;
				INFOPLIST_KEY_NSCameraUsageDescription = "This app needs access to the camera to scan barcodes for food products.";
				INFOPLIST_KEY_NSHealthShareUsageDescription = "This app needs access to read your weight and body measurements from Apple Health.";
				INFOPLIST_KEY_NSHealthUpdateUsageDescription = "This app needs access to write your nutrition data (protein, carbs, fat, calories, water) to Apple Health.";
				INFOPLIST_KEY_UIApplicationSceneManifest_Generation = YES;
				INFOPLIST_KEY_UIApplicationSupportsIndirectInputEvents = YES;
				INFOPLIST_KEY_UILaunchScreen_Generation = YES;
				INFOPLIST_KEY_UISupportedInterfaceOrientations_iPad = "UIInterfaceOrientationPortrait UIInterfaceOrientationPortraitUpsideDown UIInterfaceOrientationLandscapeLeft UIInterfaceOrientationLandscapeRight";
				INFOPLIST_KEY_UISupportedInterfaceOrientations_iPhone = "UIInterfaceOrientationPortrait UIInterfaceOrientationLandscapeLeft UIInterfaceOrientationLandscapeRight";
				LD_RUNPATH_SEARCH_PATHS = (
					"$(inherited)",
					"@executable_path/Frameworks",
				);
				MARKETING_VERSION = 1.0;
				PRODUCT_BUNDLE_IDENTIFIER = com.whio.KetoMacroTracker;
				PRODUCT_NAME = "$(TARGET_NAME)";
				SWIFT_EMIT_LOC_STRINGS = YES;
				SWIFT_VERSION = 5.0;
				TARGETED_DEVICE_FAMILY = "1,2";
			};
			name = Release;
		};
		A1D8929E2E88B96300F0A36E /* Debug */ = {
			isa = XCBuildConfiguration;
			buildSettings = {
				BUNDLE_LOADER = "$(TEST_HOST)";
				CODE_SIGN_STYLE = Automatic;
				CURRENT_PROJECT_VERSION = 1;
				DEVELOPMENT_TEAM = X3BKBK8VYL;
				GENERATE_INFOPLIST_FILE = YES;
				IPHONEOS_DEPLOYMENT_TARGET = 18.5;
				MARKETING_VERSION = 1.0;
				PRODUCT_BUNDLE_IDENTIFIER = com.whio.KetoMacroTrackerTests;
				PRODUCT_NAME = "$(TARGET_NAME)";
				SWIFT_EMIT_LOC_STRINGS = NO;
				SWIFT_VERSION = 5.0;
				TARGETED_DEVICE_FAMILY = "1,2";
				TEST_HOST = "$(BUILT_PRODUCTS_DIR)/KetoMacroTracker.app/$(BUNDLE_EXECUTABLE_FOLDER_PATH)/KetoMacroTracker";
			};
			name = Debug;
		};
		A1D8929F2E88B96300F0A36E /* Release */ = {
			isa = XCBuildConfiguration;
			buildSettings = {
				BUNDLE_LOADER = "$(TEST_HOST)";
				CODE_SIGN_STYLE = Automatic;
				CURRENT_PROJECT_VERSION = 1;
				DEVELOPMENT_TEAM = X3BKBK8VYL;
				GENERATE_INFOPLIST_FILE = YES;
				IPHONEOS_DEPLOYMENT_TARGET = 18.5;
				MARKETING_VERSION = 1.0;
				PRODUCT_BUNDLE_IDENTIFIER = com.whio.KetoMacroTrackerTests;
				PRODUCT_NAME = "$(TARGET_NAME)";
				SWIFT_EMIT_LOC_STRINGS = NO;
				SWIFT_VERSION = 5.0;
				TARGETED_DEVICE_FAMILY = "1,2";
				TEST_HOST = "$(BUILT_PRODUCTS_DIR)/KetoMacroTracker.app/$(BUNDLE_EXECUTABLE_FOLDER_PATH)/KetoMacroTracker";
			};
			name = Release;
		};
		A1D892A12E88B96300F0A36E /* Debug */ = {
			isa = XCBuildConfiguration;
			buildSettings = {
				CODE_SIGN_STYLE = Automatic;
				CURRENT_PROJECT_VERSION = 1;
				DEVELOPMENT_TEAM = X3BKBK8VYL;
				GENERATE_INFOPLIST_FILE = YES;
				MARKETING_VERSION = 1.0;
				PRODUCT_BUNDLE_IDENTIFIER = com.whio.KetoMacroTrackerUITests;
				PRODUCT_NAME = "$(TARGET_NAME)";
				SWIFT_EMIT_LOC_STRINGS = NO;
				SWIFT_VERSION = 5.0;
				TARGETED_DEVICE_FAMILY = "1,2";
				TEST_TARGET_NAME = KetoMacroTracker;
			};
			name = Debug;
		};
		A1D892A22E88B96300F0A36E /* Release */ = {
			isa = XCBuildConfiguration;
			buildSettings = {
				CODE_SIGN_STYLE = Automatic;
				CURRENT_PROJECT_VERSION = 1;
				DEVELOPMENT_TEAM = X3BKBK8VYL;
				GENERATE_INFOPLIST_FILE = YES;
				MARKETING_VERSION = 1.0;
				PRODUCT_BUNDLE_IDENTIFIER = com.whio.KetoMacroTrackerUITests;
				PRODUCT_NAME = "$(TARGET_NAME)";
				SWIFT_EMIT_LOC_STRINGS = NO;
				SWIFT_VERSION = 5.0;
				TARGETED_DEVICE_FAMILY = "1,2";
				TEST_TARGET_NAME = KetoMacroTracker;
			};
			name = Release;
		};
/* End XCBuildConfiguration section */

/* Begin XCConfigurationList section */
		A1D8926F2E88B96200F0A36E /* Build configuration list for PBXProject "KetoMacroTracker" */ = {
			isa = XCConfigurationList;
			buildConfigurations = (
				A1D892982E88B96300F0A36E /* Debug */,
				A1D892992E88B96300F0A36E /* Release */,
			);
			defaultConfigurationIsVisible = 0;
			defaultConfigurationName = Release;
		};
		A1D8929A2E88B96300F0A36E /* Build configuration list for PBXNativeTarget "KetoMacroTracker" */ = {
			isa = XCConfigurationList;
			buildConfigurations = (
				A1D8929B2E88B96300F0A36E /* Debug */,
				A1D8929C2E88B96300F0A36E /* Release */,
			);
			defaultConfigurationIsVisible = 0;
			defaultConfigurationName = Release;
		};
		A1D8929D2E88B96300F0A36E /* Build configuration list for PBXNativeTarget "KetoMacroTrackerTests" */ = {
			isa = XCConfigurationList;
			buildConfigurations = (
				A1D8929E2E88B96300F0A36E /* Debug */,
				A1D8929F2E88B96300F0A36E /* Release */,
			);
			defaultConfigurationIsVisible = 0;
			defaultConfigurationName = Release;
		};
		A1D892A02E88B96300F0A36E /* Build configuration list for PBXNativeTarget "KetoMacroTrackerUITests" */ = {
			isa = XCConfigurationList;
			buildConfigurations = (
				A1D892A12E88B96300F0A36E /* Debug */,
				A1D892A22E88B96300F0A36E /* Release */,
			);
			defaultConfigurationIsVisible = 0;
			defaultConfigurationName = Release;
		};
/* End XCConfigurationList section */
	};
	rootObject = A1D8926C2E88B96200F0A36E /* Project object */;
}
